
Microsoft Visual Studio Solution File, Format Version 12.00
# Visual Studio Version 16
VisualStudioVersion = 16.0.29215.179
MinimumVisualStudioVersion = 10.0.40219.1
Project("{FAE04EC0-301F-11D3-BF4B-00C04F79EFBC}") = "StringOperations", "StringOperations.csproj", "{BFE45AD3-5D38-40E6-9532-22E573EAF97C}"
EndProject
Project("{FAE04EC0-301F-11D3-BF4B-00C04F79EFBC}") = "StringOperationsTester", "..\StringOperationsTester\StringOperationsTester.csproj", "{88516EAF-2721-449A-9CFB-B0E8847DF33B}"
EndProject
Global
	GlobalSection(SolutionConfigurationPlatforms) = preSolution
		Debug|Any CPU = Debug|Any CPU
		Release|Any CPU = Release|Any CPU
	EndGlobalSection
	GlobalSection(ProjectConfigurationPlatforms) = postSolution
		{BFE45AD3-5D38-40E6-9532-22E573EAF97C}.Debug|Any CPU.ActiveCfg = Debug|Any CPU
		{BFE45AD3-5D38-40E6-9532-22E573EAF97C}.Debug|Any CPU.Build.0 = Debug|Any CPU
		{BFE45AD3-5D38-40E6-9532-22E573EAF97C}.Release|Any CPU.ActiveCfg = Release|Any CPU
		{BFE45AD3-5D38-40E6-9532-22E573EAF97C}.Release|Any CPU.Build.0 = Release|Any CPU
		{88516EAF-2721-449A-9CFB-B0E8847DF33B}.Debug|Any CPU.ActiveCfg = Debug|Any CPU
		{88516EAF-2721-449A-9CFB-B0E8847DF33B}.Debug|Any CPU.Build.0 = Debug|Any CPU
		{88516EAF-2721-449A-9CFB-B0E8847DF33B}.Release|Any CPU.ActiveCfg = Release|Any CPU
		{88516EAF-2721-449A-9CFB-B0E8847DF33B}.Release|Any CPU.Build.0 = Release|Any CPU
		{F7C87606-4C49-4819-802C-2850625D9049}.Debug|Any CPU.ActiveCfg = Debug|Any CPU
		{F7C87606-4C49-4819-802C-2850625D9049}.Debug|Any CPU.Build.0 = Debug|Any CPU
		{F7C87606-4C49-4819-802C-2850625D9049}.Release|Any CPU.ActiveCfg = Release|Any CPU
		{F7C87606-4C49-4819-802C-2850625D9049}.Release|Any CPU.Build.0 = Release|Any CPU
	EndGlobalSection
	GlobalSection(SolutionProperties) = preSolution
		HideSolutionNode = FALSE
	EndGlobalSection
	GlobalSection(ExtensibilityGlobals) = postSolution
		SolutionGuid = {F83BC0E8-034D-453D-BC21-6B16C87881D7}
	EndGlobalSection
EndGlobal
